github.com/davidjspooner/go-text-cli v0.0.0-20250601124755-4c4b63d936e8 h1:VuHl3ZIhal2k2y+xvquURAzGAiBmO3DuLgT1NWkV2EU=
github.com/davidjspooner/go-text-cli v0.0.0-20250601124755-4c4b63d936e8/go.mod h1:LuXSCWfIap/2bqTBBQckgSIYyTnyohp3jFHW+UrQSZU=
github.com/davidjspooner/go-text-parse v0.0.0-20250531072811-81161369cf3f h1:iaHIGdngIE5iR3Xyefms9CkA6jjrrywhzjoIKfJ0LTA=
github.com/davidjspooner/go-text-parse v0.0.0-20250531072811-81161369cf3f/go.mod h1:Sapg46MqcVcmhG17nYL0ZlJFs5abJkULeM9RjYCS9eE=
gopkg.in/check.v1 v0.0.0-20161208181325-20d25e280405 h1:yhCVgyC4o1eVCa2tZl7eS0r+SDo693bJlVdllGtEeKM=
gopkg.in/check.v1 v0.0.0-20161208181325-20d25e280405/go.mod h1:Co6ibVJAznAaIkqp8huTwlJQCZ016jof/cbN4VW5Yz0=
gopkg.in/yaml.v3 v3.0.1 h1:fxVm/GzAzEWqLHuvctI91KS9hhNmmWOoWu0XTYJS7CA=
gopkg.in/yaml.v3 v3.0.1/go.mod h1:K4uyk7z7BCEPqu6E+C64Yfv1cQ7kz7rIZviUmN+EgEM=
